{
  "pins" : [
    {
      "identity" : "bigint",
      "kind" : "remoteSourceControl",
      "location" : "https://github.com/attaswift/BigInt",
      "state" : {
        "revision" : "0ed110f7555c34ff468e72e1686e59721f2b0da6",
        "version" : "5.3.0"
      }
    },
    {
      "identity" : "curvelib.swift",
      "kind" : "remoteSourceControl",
      "location" : "https://github.com/tkey/curvelib.swift",
      "state" : {
        "revision" : "432bf1abe7ff505fc2ac9fcf697341ff5b2dc6d0",
        "version" : "2.0.0"
      }
    },
    {
      "identity" : "fetch-node-details-swift",
      "kind" : "remoteSourceControl",
      "location" : "https://github.com/torusresearch/fetch-node-details-swift",
      "state" : {
        "revision" : "52fb5efaa94e0fe3775913ab00964bcb51601c2a",
        "version" : "8.0.0"
      }
    },
    {
      "identity" : "jwt-kit",
      "kind" : "remoteSourceControl",
      "location" : "https://github.com/vapor/jwt-kit.git",
      "state" : {
        "revision" : "e05513b5aec24f88012b6e3034115b6bc915356a",
        "version" : "4.13.2"
      }
    },
    {
      "identity" : "jwtdecode.swift",
      "kind" : "remoteSourceControl",
      "location" : "https://github.com/auth0/JWTDecode.swift",
      "state" : {
        "revision" : "1e153ef009969543191970c66b7c60163c0b4a65",
        "version" : "3.2.0"
      }
    },
    {
      "identity" : "keychain-swift",
      "kind" : "remoteSourceControl",
      "location" : "https://github.com/evgenyneu/keychain-swift.git",
      "state" : {
        "revision" : "d108a1fa6189e661f91560548ef48651ed8d93b9",
        "version" : "20.0.0"
      }
    },
    {
      "identity" : "session-manager-swift",
      "kind" : "remoteSourceControl",
      "location" : "https://github.com/Web3Auth/session-manager-swift.git",
      "state" : {
        "revision" : "90afccc0e5e2ea8d671cdacb26899f60740b4e0b",
        "version" : "6.0.0"
      }
    },
    {
      "identity" : "swift-crypto",
      "kind" : "remoteSourceControl",
      "location" : "https://github.com/apple/swift-crypto.git",
      "state" : {
        "revision" : "f0525da24dc3c6cbb2b6b338b65042bc91cbc4bb",
        "version" : "3.3.0"
      }
    },
    {
      "identity" : "torus-utils-swift",
      "kind" : "remoteSourceControl",
      "location" : "https://github.com/torusresearch/torus-utils-swift.git",
      "state" : {
        "revision" : "baa822fc67bdb208ed1a2dc5b3c10485cfca15df",
        "version" : "10.0.0"
      }
    }
  ],
  "version" : 2
}
